
Microsoft Visual Studio Solution File, Format Version 12.00
# Visual Studio 15
VisualStudioVersion = 15.0.27428.2011
MinimumVisualStudioVersion = 10.0.40219.1
Project("{FAE04EC0-301F-11D3-BF4B-00C04F79EFBC}") = "WindowsFormsML", "WindowsFormsML\WindowsFormsML.csproj", "{5DD3C49D-653C-4CF3-BF60-8953B523FC51}"
EndProject
Project("{FAE04EC0-301F-11D3-BF4B-00C04F79EFBC}") = "WebApiML", "WebApiML\WebApiML.csproj", "{4313A91B-656F-452C-A6B6-FE11D112BB75}"
EndProject
Project("{FAE04EC0-301F-11D3-BF4B-00C04F79EFBC}") = "WindowsFormsML_CodedUITests", "WindowsFormsML_CodedUITests\WindowsFormsML_CodedUITests.csproj", "{2318A277-0594-49CF-BFC5-DE76DCBDB9FF}"
EndProject
Global
	GlobalSection(SolutionConfigurationPlatforms) = preSolution
		Debug|Any CPU = Debug|Any CPU
		Release|Any CPU = Release|Any CPU
	EndGlobalSection
	GlobalSection(ProjectConfigurationPlatforms) = postSolution
		{5DD3C49D-653C-4CF3-BF60-8953B523FC51}.Debug|Any CPU.ActiveCfg = Debug|Any CPU
		{5DD3C49D-653C-4CF3-BF60-8953B523FC51}.Debug|Any CPU.Build.0 = Debug|Any CPU
		{5DD3C49D-653C-4CF3-BF60-8953B523FC51}.Release|Any CPU.ActiveCfg = Release|Any CPU
		{5DD3C49D-653C-4CF3-BF60-8953B523FC51}.Release|Any CPU.Build.0 = Release|Any CPU
		{4313A91B-656F-452C-A6B6-FE11D112BB75}.Debug|Any CPU.ActiveCfg = Debug|Any CPU
		{4313A91B-656F-452C-A6B6-FE11D112BB75}.Debug|Any CPU.Build.0 = Debug|Any CPU
		{4313A91B-656F-452C-A6B6-FE11D112BB75}.Release|Any CPU.ActiveCfg = Release|Any CPU
		{4313A91B-656F-452C-A6B6-FE11D112BB75}.Release|Any CPU.Build.0 = Release|Any CPU
		{2318A277-0594-49CF-BFC5-DE76DCBDB9FF}.Debug|Any CPU.ActiveCfg = Debug|Any CPU
		{2318A277-0594-49CF-BFC5-DE76DCBDB9FF}.Debug|Any CPU.Build.0 = Debug|Any CPU
		{2318A277-0594-49CF-BFC5-DE76DCBDB9FF}.Release|Any CPU.ActiveCfg = Release|Any CPU
		{2318A277-0594-49CF-BFC5-DE76DCBDB9FF}.Release|Any CPU.Build.0 = Release|Any CPU
	EndGlobalSection
	GlobalSection(SolutionProperties) = preSolution
		HideSolutionNode = FALSE
	EndGlobalSection
	GlobalSection(ExtensibilityGlobals) = postSolution
		SolutionGuid = {8C7AA881-BE1C-4FC9-BF26-0F428192096A}
	EndGlobalSection
EndGlobal
