
Microsoft Visual Studio Solution File, Format Version 12.00
# Visual Studio 15
VisualStudioVersion = 15.0.27428.2011
MinimumVisualStudioVersion = 10.0.40219.1
Project("{FAE04EC0-301F-11D3-BF4B-00C04F79EFBC}") = "MLviewer", "MLviewer\MLviewer.csproj", "{2E6DE230-20F7-4C60-AEA7-FDA63A3E02A6}"
EndProject
Project("{FAE04EC0-301F-11D3-BF4B-00C04F79EFBC}") = "WebAPI", "WebAPI\WebAPI.csproj", "{6C1751A2-4CE6-458D-A534-55EA277D7318}"
EndProject
Global
	GlobalSection(SolutionConfigurationPlatforms) = preSolution
		Debug|Any CPU = Debug|Any CPU
		Release|Any CPU = Release|Any CPU
	EndGlobalSection
	GlobalSection(ProjectConfigurationPlatforms) = postSolution
		{2E6DE230-20F7-4C60-AEA7-FDA63A3E02A6}.Debug|Any CPU.ActiveCfg = Debug|Any CPU
		{2E6DE230-20F7-4C60-AEA7-FDA63A3E02A6}.Debug|Any CPU.Build.0 = Debug|Any CPU
		{2E6DE230-20F7-4C60-AEA7-FDA63A3E02A6}.Release|Any CPU.ActiveCfg = Release|Any CPU
		{2E6DE230-20F7-4C60-AEA7-FDA63A3E02A6}.Release|Any CPU.Build.0 = Release|Any CPU
		{6C1751A2-4CE6-458D-A534-55EA277D7318}.Debug|Any CPU.ActiveCfg = Debug|Any CPU
		{6C1751A2-4CE6-458D-A534-55EA277D7318}.Debug|Any CPU.Build.0 = Debug|Any CPU
		{6C1751A2-4CE6-458D-A534-55EA277D7318}.Release|Any CPU.ActiveCfg = Release|Any CPU
		{6C1751A2-4CE6-458D-A534-55EA277D7318}.Release|Any CPU.Build.0 = Release|Any CPU
	EndGlobalSection
	GlobalSection(SolutionProperties) = preSolution
		HideSolutionNode = FALSE
	EndGlobalSection
	GlobalSection(ExtensibilityGlobals) = postSolution
		SolutionGuid = {14CF165D-11B7-47B6-A9F7-58C19C3BC356}
	EndGlobalSection
EndGlobal
